
Microsoft Visual Studio Solution File, Format Version 12.00
# Visual Studio Version 16
VisualStudioVersion = 16.0.31005.135
MinimumVisualStudioVersion = 10.0.40219.1
Project("{FAE04EC0-301F-11D3-BF4B-00C04F79EFBC}") = "FactoryRobotPractice", "FactoryRobotPractice\FactoryRobotPractice.csproj", "{CC5CA4CC-E58F-4988-9683-7D164CBEA2EB}"
EndProject
Global
	GlobalSection(SolutionConfigurationPlatforms) = preSolution
		Debug|Any CPU = Debug|Any CPU
		Release|Any CPU = Release|Any CPU
	EndGlobalSection
	GlobalSection(ProjectConfigurationPlatforms) = postSolution
		{CC5CA4CC-E58F-4988-9683-7D164CBEA2EB}.Debug|Any CPU.ActiveCfg = Debug|Any CPU
		{CC5CA4CC-E58F-4988-9683-7D164CBEA2EB}.Debug|Any CPU.Build.0 = Debug|Any CPU
		{CC5CA4CC-E58F-4988-9683-7D164CBEA2EB}.Release|Any CPU.ActiveCfg = Release|Any CPU
		{CC5CA4CC-E58F-4988-9683-7D164CBEA2EB}.Release|Any CPU.Build.0 = Release|Any CPU
	EndGlobalSection
	GlobalSection(SolutionProperties) = preSolution
		HideSolutionNode = FALSE
	EndGlobalSection
	GlobalSection(ExtensibilityGlobals) = postSolution
		SolutionGuid = {59CE60AA-6DC9-4AD6-94E5-5FBA4B37ABF0}
	EndGlobalSection
EndGlobal
